<?xml version="1.0" encoding="utf-8"?>
<Project ToolsVersion="4.0" xmlns="http://schemas.microsoft.com/developer/msbuild/2003">
  <ItemGroup>
    <Filter Include="Veloce">
      <UniqueIdentifier>{0374DBD7-EF15-06AE-D8D0-1902C4118DFE}</UniqueIdentifier>
    </Filter>
    <Filter Include="Veloce\Events">
      <UniqueIdentifier>{871E2C78-F3DE-A7AE-BC19-F12B2899EC8A}</UniqueIdentifier>
    </Filter>
    <Filter Include="Veloce\Platform">
      <UniqueIdentifier>{B7E3CB4F-236F-3914-2C80-BC08988A9514}</UniqueIdentifier>
    </Filter>
    <Filter Include="Veloce\Platform\Windows">
      <UniqueIdentifier>{F154010E-5D8C-49A5-6696-ADC8D24C709E}</UniqueIdentifier>
    </Filter>
  </ItemGroup>
  <ItemGroup>
    <ClInclude Include="src\Veloce.h" />
    <ClInclude Include="src\Veloce\Application.h">
      <Filter>Veloce</Filter>
    </ClInclude>
    <ClInclude Include="src\Veloce\Core.h">
      <Filter>Veloce</Filter>
    </ClInclude>
    <ClInclude Include="src\Veloce\EntryPoint.h">
      <Filter>Veloce</Filter>
    </ClInclude>
    <ClInclude Include="src\Veloce\Events\ApplicationEvent.h">
      <Filter>Veloce\Events</Filter>
    </ClInclude>
    <ClInclude Include="src\Veloce\Events\Event.h">
      <Filter>Veloce\Events</Filter>
    </ClInclude>
    <ClInclude Include="src\Veloce\Events\KeyEvent.h">
      <Filter>Veloce\Events</Filter>
    </ClInclude>
    <ClInclude Include="src\Veloce\Events\MouseEvent.h">
      <Filter>Veloce\Events</Filter>
    </ClInclude>
    <ClInclude Include="src\Veloce\Log.h">
      <Filter>Veloce</Filter>
    </ClInclude>
    <ClInclude Include="src\Veloce\Platform\Windows\WindowsWindow.h">
      <Filter>Veloce\Platform\Windows</Filter>
    </ClInclude>
    <ClInclude Include="src\Veloce\Window.h">
      <Filter>Veloce</Filter>
    </ClInclude>
    <ClInclude Include="src\velpch.h" />
  </ItemGroup>
  <ItemGroup>
    <ClCompile Include="src\Veloce\Application.cpp">
      <Filter>Veloce</Filter>
    </ClCompile>
    <ClCompile Include="src\Veloce\Log.cpp">
      <Filter>Veloce</Filter>
    </ClCompile>
    <ClCompile Include="src\Veloce\Platform\Windows\WindowsWindow.cpp">
      <Filter>Veloce\Platform\Windows</Filter>
    </ClCompile>
    <ClCompile Include="src\velpch.cpp" />
  </ItemGroup>
</Project>